// !$*UTF8*$!
{
	archiveVersion = 1;
	classes = {
	};
	objectVersion = 56;
	objects = {

/* Begin PBXBuildFile section */
		4BBE337F2C614F6E00542612 /* PlaybackSpeedView.swift in Sources */ = {isa = PBXBuildFile; fileRef = 4BBE337E2C614F6E00542612 /* PlaybackSpeedView.swift */; };
		4BF5F8B62C60DC7F0087F305 /* HeadwayTestApp.swift in Sources */ = {isa = PBXBuildFile; fileRef = 4BF5F8B52C60DC7F0087F305 /* HeadwayTestApp.swift */; };
		4BF5F8B82C60DC7F0087F305 /* PlayerView.swift in Sources */ = {isa = PBXBuildFile; fileRef = 4BF5F8B72C60DC7F0087F305 /* PlayerView.swift */; };
		4BF5F8BA2C60DC810087F305 /* Assets.xcassets in Resources */ = {isa = PBXBuildFile; fileRef = 4BF5F8B92C60DC810087F305 /* Assets.xcassets */; };
		4BF5F8BD2C60DC810087F305 /* Preview Assets.xcassets in Resources */ = {isa = PBXBuildFile; fileRef = 4BF5F8BC2C60DC810087F305 /* Preview Assets.xcassets */; };
		4BF5F8C82C60E9CE0087F305 /* Colors.xcassets in Resources */ = {isa = PBXBuildFile; fileRef = 4BF5F8C72C60E9CE0087F305 /* Colors.xcassets */; };
		4BF5F8CC2C60EA700087F305 /* Color + Extension.swift in Sources */ = {isa = PBXBuildFile; fileRef = 4BF5F8CB2C60EA700087F305 /* Color + Extension.swift */; };
		4BF5F8D12C60FABD0087F305 /* PlaybackView.swift in Sources */ = {isa = PBXBuildFile; fileRef = 4BF5F8D02C60FABD0087F305 /* PlaybackView.swift */; };
		4BF5F8D32C60FAC80087F305 /* PlayerSwitcherView.swift in Sources */ = {isa = PBXBuildFile; fileRef = 4BF5F8D22C60FAC80087F305 /* PlayerSwitcherView.swift */; };
		4BFC12232C6239D80074EFA6 /* keyPoints.json in Resources */ = {isa = PBXBuildFile; fileRef = 4BFC12222C6239D80074EFA6 /* keyPoints.json */; };
		4BFC12262C623ACB0074EFA6 /* BookKeyPoint.swift in Sources */ = {isa = PBXBuildFile; fileRef = 4BFC12252C623ACB0074EFA6 /* BookKeyPoint.swift */; };
		4BFC122A2C623BB30074EFA6 /* JSONLoader.swift in Sources */ = {isa = PBXBuildFile; fileRef = 4BFC12292C623BB30074EFA6 /* JSONLoader.swift */; };
		4BFC122C2C623BBD0074EFA6 /* MP3Loader.swift in Sources */ = {isa = PBXBuildFile; fileRef = 4BFC122B2C623BBD0074EFA6 /* MP3Loader.swift */; };
		4BFC122F2C623DA70074EFA6 /* PlayerViewModel.swift in Sources */ = {isa = PBXBuildFile; fileRef = 4BFC122E2C623DA70074EFA6 /* PlayerViewModel.swift */; };
		4BFC12372C624C780074EFA6 /* dune_pt5.mp3 in Resources */ = {isa = PBXBuildFile; fileRef = 4BFC12322C624C770074EFA6 /* dune_pt5.mp3 */; };
		4BFC12382C624C780074EFA6 /* dune_pt3.mp3 in Resources */ = {isa = PBXBuildFile; fileRef = 4BFC12332C624C770074EFA6 /* dune_pt3.mp3 */; };
		4BFC12392C624C780074EFA6 /* dune_pt1.mp3 in Resources */ = {isa = PBXBuildFile; fileRef = 4BFC12342C624C770074EFA6 /* dune_pt1.mp3 */; };
		4BFC123A2C624C780074EFA6 /* dune_pt4.mp3 in Resources */ = {isa = PBXBuildFile; fileRef = 4BFC12352C624C780074EFA6 /* dune_pt4.mp3 */; };
		4BFC123B2C624C780074EFA6 /* dune_pt2.mp3 in Resources */ = {isa = PBXBuildFile; fileRef = 4BFC12362C624C780074EFA6 /* dune_pt2.mp3 */; };
/* End PBXBuildFile section */

/* Begin PBXFileReference section */
		4BBE337E2C614F6E00542612 /* PlaybackSpeedView.swift */ = {isa = PBXFileReference; lastKnownFileType = sourcecode.swift; path = PlaybackSpeedView.swift; sourceTree = "<group>"; };
		4BF5F8B22C60DC7F0087F305 /* HeadwayTest.app */ = {isa = PBXFileReference; explicitFileType = wrapper.application; includeInIndex = 0; path = HeadwayTest.app; sourceTree = BUILT_PRODUCTS_DIR; };
		4BF5F8B52C60DC7F0087F305 /* HeadwayTestApp.swift */ = {isa = PBXFileReference; lastKnownFileType = sourcecode.swift; path = HeadwayTestApp.swift; sourceTree = "<group>"; };
		4BF5F8B72C60DC7F0087F305 /* PlayerView.swift */ = {isa = PBXFileReference; lastKnownFileType = sourcecode.swift; path = PlayerView.swift; sourceTree = "<group>"; };
		4BF5F8B92C60DC810087F305 /* Assets.xcassets */ = {isa = PBXFileReference; lastKnownFileType = folder.assetcatalog; path = Assets.xcassets; sourceTree = "<group>"; };
		4BF5F8BC2C60DC810087F305 /* Preview Assets.xcassets */ = {isa = PBXFileReference; lastKnownFileType = folder.assetcatalog; path = "Preview Assets.xcassets"; sourceTree = "<group>"; };
		4BF5F8C72C60E9CE0087F305 /* Colors.xcassets */ = {isa = PBXFileReference; lastKnownFileType = folder.assetcatalog; path = Colors.xcassets; sourceTree = "<group>"; };
		4BF5F8CB2C60EA700087F305 /* Color + Extension.swift */ = {isa = PBXFileReference; lastKnownFileType = sourcecode.swift; path = "Color + Extension.swift"; sourceTree = "<group>"; };
		4BF5F8D02C60FABD0087F305 /* PlaybackView.swift */ = {isa = PBXFileReference; lastKnownFileType = sourcecode.swift; path = PlaybackView.swift; sourceTree = "<group>"; };
		4BF5F8D22C60FAC80087F305 /* PlayerSwitcherView.swift */ = {isa = PBXFileReference; lastKnownFileType = sourcecode.swift; path = PlayerSwitcherView.swift; sourceTree = "<group>"; };
		4BFC12222C6239D80074EFA6 /* keyPoints.json */ = {isa = PBXFileReference; lastKnownFileType = text.json; path = keyPoints.json; sourceTree = "<group>"; };
		4BFC12252C623ACB0074EFA6 /* BookKeyPoint.swift */ = {isa = PBXFileReference; lastKnownFileType = sourcecode.swift; path = BookKeyPoint.swift; sourceTree = "<group>"; };
		4BFC12292C623BB30074EFA6 /* JSONLoader.swift */ = {isa = PBXFileReference; lastKnownFileType = sourcecode.swift; path = JSONLoader.swift; sourceTree = "<group>"; };
		4BFC122B2C623BBD0074EFA6 /* MP3Loader.swift */ = {isa = PBXFileReference; lastKnownFileType = sourcecode.swift; path = MP3Loader.swift; sourceTree = "<group>"; };
		4BFC122E2C623DA70074EFA6 /* PlayerViewModel.swift */ = {isa = PBXFileReference; lastKnownFileType = sourcecode.swift; path = PlayerViewModel.swift; sourceTree = "<group>"; };
		4BFC12322C624C770074EFA6 /* dune_pt5.mp3 */ = {isa = PBXFileReference; lastKnownFileType = audio.mp3; path = dune_pt5.mp3; sourceTree = "<group>"; };
		4BFC12332C624C770074EFA6 /* dune_pt3.mp3 */ = {isa = PBXFileReference; lastKnownFileType = audio.mp3; path = dune_pt3.mp3; sourceTree = "<group>"; };
		4BFC12342C624C770074EFA6 /* dune_pt1.mp3 */ = {isa = PBXFileReference; lastKnownFileType = audio.mp3; path = dune_pt1.mp3; sourceTree = "<group>"; };
		4BFC12352C624C780074EFA6 /* dune_pt4.mp3 */ = {isa = PBXFileReference; lastKnownFileType = audio.mp3; path = dune_pt4.mp3; sourceTree = "<group>"; };
		4BFC12362C624C780074EFA6 /* dune_pt2.mp3 */ = {isa = PBXFileReference; lastKnownFileType = audio.mp3; path = dune_pt2.mp3; sourceTree = "<group>"; };
/* End PBXFileReference section */

/* Begin PBXFrameworksBuildPhase section */
		4BF5F8AF2C60DC7F0087F305 /* Frameworks */ = {
			isa = PBXFrameworksBuildPhase;
			buildActionMask = 2147483647;
			files = (
			);
			runOnlyForDeploymentPostprocessing = 0;
		};
/* End PBXFrameworksBuildPhase section */

/* Begin PBXGroup section */
		4BF5F8A92C60DC7F0087F305 = {
			isa = PBXGroup;
			children = (
				4BF5F8B42C60DC7F0087F305 /* HeadwayTest */,
				4BF5F8B32C60DC7F0087F305 /* Products */,
			);
			sourceTree = "<group>";
		};
		4BF5F8B32C60DC7F0087F305 /* Products */ = {
			isa = PBXGroup;
			children = (
				4BF5F8B22C60DC7F0087F305 /* HeadwayTest.app */,
			);
			name = Products;
			sourceTree = "<group>";
		};
		4BF5F8B42C60DC7F0087F305 /* HeadwayTest */ = {
			isa = PBXGroup;
			children = (
				4BFC12242C623ABE0074EFA6 /* Models */,
				4BF5F8C42C60DFEC0087F305 /* Modules */,
				4BF5F8C32C60DFE30087F305 /* App */,
				4BF5F8C92C60EA530087F305 /* Utilities */,
				4BF5F8C62C60E9B80087F305 /* Resources */,
				4BF5F8BB2C60DC810087F305 /* Preview Content */,
			);
			path = HeadwayTest;
			sourceTree = "<group>";
		};
		4BF5F8BB2C60DC810087F305 /* Preview Content */ = {
			isa = PBXGroup;
			children = (
				4BF5F8BC2C60DC810087F305 /* Preview Assets.xcassets */,
			);
			path = "Preview Content";
			sourceTree = "<group>";
		};
		4BF5F8C32C60DFE30087F305 /* App */ = {
			isa = PBXGroup;
			children = (
				4BF5F8B52C60DC7F0087F305 /* HeadwayTestApp.swift */,
			);
			path = App;
			sourceTree = "<group>";
		};
		4BF5F8C42C60DFEC0087F305 /* Modules */ = {
			isa = PBXGroup;
			children = (
				4BF5F8C52C60E0140087F305 /* SummaryPlayer */,
			);
			path = Modules;
			sourceTree = "<group>";
		};
		4BF5F8C52C60E0140087F305 /* SummaryPlayer */ = {
			isa = PBXGroup;
			children = (
				4BF5F8CD2C60FA910087F305 /* View */,
				4BFC123D2C6292580074EFA6 /* ViewModel */,
			);
			path = SummaryPlayer;
			sourceTree = "<group>";
		};
		4BF5F8C62C60E9B80087F305 /* Resources */ = {
			isa = PBXGroup;
			children = (
				4BFC123C2C628CA00074EFA6 /* Audio */,
				4BF5F8B92C60DC810087F305 /* Assets.xcassets */,
				4BF5F8C72C60E9CE0087F305 /* Colors.xcassets */,
				4BFC12222C6239D80074EFA6 /* keyPoints.json */,
			);
			path = Resources;
			sourceTree = "<group>";
		};
		4BF5F8C92C60EA530087F305 /* Utilities */ = {
			isa = PBXGroup;
			children = (
				4BF5F8CA2C60EA610087F305 /* Extensions */,
				4BFC12292C623BB30074EFA6 /* JSONLoader.swift */,
				4BFC122B2C623BBD0074EFA6 /* MP3Loader.swift */,
			);
			path = Utilities;
			sourceTree = "<group>";
		};
		4BF5F8CA2C60EA610087F305 /* Extensions */ = {
			isa = PBXGroup;
			children = (
				4BF5F8CB2C60EA700087F305 /* Color + Extension.swift */,
			);
			path = Extensions;
			sourceTree = "<group>";
		};
		4BF5F8CD2C60FA910087F305 /* View */ = {
			isa = PBXGroup;
			children = (
				4BF5F8CE2C60FAA10087F305 /* Components */,
				4BF5F8B72C60DC7F0087F305 /* PlayerView.swift */,
			);
			path = View;
			sourceTree = "<group>";
		};
		4BF5F8CE2C60FAA10087F305 /* Components */ = {
			isa = PBXGroup;
			children = (
				4BF5F8D02C60FABD0087F305 /* PlaybackView.swift */,
				4BF5F8D22C60FAC80087F305 /* PlayerSwitcherView.swift */,
				4BBE337E2C614F6E00542612 /* PlaybackSpeedView.swift */,
			);
			path = Components;
			sourceTree = "<group>";
		};
		4BFC12242C623ABE0074EFA6 /* Models */ = {
			isa = PBXGroup;
			children = (
				4BFC12252C623ACB0074EFA6 /* BookKeyPoint.swift */,
			);
			path = Models;
			sourceTree = "<group>";
		};
		4BFC123C2C628CA00074EFA6 /* Audio */ = {
			isa = PBXGroup;
			children = (
				4BFC12342C624C770074EFA6 /* dune_pt1.mp3 */,
				4BFC12362C624C780074EFA6 /* dune_pt2.mp3 */,
				4BFC12332C624C770074EFA6 /* dune_pt3.mp3 */,
				4BFC12352C624C780074EFA6 /* dune_pt4.mp3 */,
				4BFC12322C624C770074EFA6 /* dune_pt5.mp3 */,
			);
			path = Audio;
			sourceTree = "<group>";
		};
		4BFC123D2C6292580074EFA6 /* ViewModel */ = {
			isa = PBXGroup;
			children = (
				4BFC122E2C623DA70074EFA6 /* PlayerViewModel.swift */,
			);
			path = ViewModel;
			sourceTree = "<group>";
		};
/* End PBXGroup section */

/* Begin PBXNativeTarget section */
		4BF5F8B12C60DC7F0087F305 /* HeadwayTest */ = {
			isa = PBXNativeTarget;
			buildConfigurationList = 4BF5F8C02C60DC810087F305 /* Build configuration list for PBXNativeTarget "HeadwayTest" */;
			buildPhases = (
				4BF5F8AE2C60DC7F0087F305 /* Sources */,
				4BF5F8AF2C60DC7F0087F305 /* Frameworks */,
				4BF5F8B02C60DC7F0087F305 /* Resources */,
			);
			buildRules = (
			);
			dependencies = (
			);
			name = HeadwayTest;
			productName = HeadwayTest;
			productReference = 4BF5F8B22C60DC7F0087F305 /* HeadwayTest.app */;
			productType = "com.apple.product-type.application";
		};
/* End PBXNativeTarget section */

/* Begin PBXProject section */
		4BF5F8AA2C60DC7F0087F305 /* Project object */ = {
			isa = PBXProject;
			attributes = {
				BuildIndependentTargetsInParallel = 1;
				LastSwiftUpdateCheck = 1430;
				LastUpgradeCheck = 1430;
				TargetAttributes = {
					4BF5F8B12C60DC7F0087F305 = {
						CreatedOnToolsVersion = 14.3;
					};
				};
			};
			buildConfigurationList = 4BF5F8AD2C60DC7F0087F305 /* Build configuration list for PBXProject "HeadwayTest" */;
			compatibilityVersion = "Xcode 14.0";
			developmentRegion = en;
			hasScannedForEncodings = 0;
			knownRegions = (
				en,
				Base,
			);
			mainGroup = 4BF5F8A92C60DC7F0087F305;
			productRefGroup = 4BF5F8B32C60DC7F0087F305 /* Products */;
			projectDirPath = "";
			projectRoot = "";
			targets = (
				4BF5F8B12C60DC7F0087F305 /* HeadwayTest */,
			);
		};
/* End PBXProject section */

/* Begin PBXResourcesBuildPhase section */
		4BF5F8B02C60DC7F0087F305 /* Resources */ = {
			isa = PBXResourcesBuildPhase;
			buildActionMask = 2147483647;
			files = (
				4BF5F8C82C60E9CE0087F305 /* Colors.xcassets in Resources */,
				4BF5F8BD2C60DC810087F305 /* Preview Assets.xcassets in Resources */,
				4BFC12392C624C780074EFA6 /* dune_pt1.mp3 in Resources */,
				4BFC12382C624C780074EFA6 /* dune_pt3.mp3 in Resources */,
				4BFC12372C624C780074EFA6 /* dune_pt5.mp3 in Resources */,
				4BFC123B2C624C780074EFA6 /* dune_pt2.mp3 in Resources */,
				4BFC123A2C624C780074EFA6 /* dune_pt4.mp3 in Resources */,
				4BF5F8BA2C60DC810087F305 /* Assets.xcassets in Resources */,
				4BFC12232C6239D80074EFA6 /* keyPoints.json in Resources */,
			);
			runOnlyForDeploymentPostprocessing = 0;
		};
/* End PBXResourcesBuildPhase section */

/* Begin PBXSourcesBuildPhase section */
		4BF5F8AE2C60DC7F0087F305 /* Sources */ = {
			isa = PBXSourcesBuildPhase;
			buildActionMask = 2147483647;
			files = (
				4BF5F8B82C60DC7F0087F305 /* PlayerView.swift in Sources */,
				4BFC122F2C623DA70074EFA6 /* PlayerViewModel.swift in Sources */,
				4BBE337F2C614F6E00542612 /* PlaybackSpeedView.swift in Sources */,
				4BFC122A2C623BB30074EFA6 /* JSONLoader.swift in Sources */,
				4BF5F8B62C60DC7F0087F305 /* HeadwayTestApp.swift in Sources */,
				4BFC122C2C623BBD0074EFA6 /* MP3Loader.swift in Sources */,
				4BFC12262C623ACB0074EFA6 /* BookKeyPoint.swift in Sources */,
				4BF5F8CC2C60EA700087F305 /* Color + Extension.swift in Sources */,
				4BF5F8D32C60FAC80087F305 /* PlayerSwitcherView.swift in Sources */,
				4BF5F8D12C60FABD0087F305 /* PlaybackView.swift in Sources */,
			);
			runOnlyForDeploymentPostprocessing = 0;
		};
/* End PBXSourcesBuildPhase section */

/* Begin XCBuildConfiguration section */
		4BF5F8BE2C60DC810087F305 /* Debug */ = {
			isa = XCBuildConfiguration;
			buildSettings = {
				ALWAYS_SEARCH_USER_PATHS = NO;
				CLANG_ANALYZER_NONNULL = YES;
				CLANG_ANALYZER_NUMBER_OBJECT_CONVERSION = YES_AGGRESSIVE;
				CLANG_CXX_LANGUAGE_STANDARD = "gnu++20";
				CLANG_ENABLE_MODULES = YES;
				CLANG_ENABLE_OBJC_ARC = YES;
				CLANG_ENABLE_OBJC_WEAK = YES;
				CLANG_WARN_BLOCK_CAPTURE_AUTORELEASING = YES;
				CLANG_WARN_BOOL_CONVERSION = YES;
				CLANG_WARN_COMMA = YES;
				CLANG_WARN_CONSTANT_CONVERSION = YES;
				CLANG_WARN_DEPRECATED_OBJC_IMPLEMENTATIONS = YES;
				CLANG_WARN_DIRECT_OBJC_ISA_USAGE = YES_ERROR;
				CLANG_WARN_DOCUMENTATION_COMMENTS = YES;
				CLANG_WARN_EMPTY_BODY = YES;
				CLANG_WARN_ENUM_CONVERSION = YES;
				CLANG_WARN_INFINITE_RECURSION = YES;
				CLANG_WARN_INT_CONVERSION = YES;
				CLANG_WARN_NON_LITERAL_NULL_CONVERSION = YES;
				CLANG_WARN_OBJC_IMPLICIT_RETAIN_SELF = YES;
				CLANG_WARN_OBJC_LITERAL_CONVERSION = YES;
				CLANG_WARN_OBJC_ROOT_CLASS = YES_ERROR;
				CLANG_WARN_QUOTED_INCLUDE_IN_FRAMEWORK_HEADER = YES;
				CLANG_WARN_RANGE_LOOP_ANALYSIS = YES;
				CLANG_WARN_STRICT_PROTOTYPES = YES;
				CLANG_WARN_SUSPICIOUS_MOVE = YES;
				CLANG_WARN_UNGUARDED_AVAILABILITY = YES_AGGRESSIVE;
				CLANG_WARN_UNREACHABLE_CODE = YES;
				CLANG_WARN__DUPLICATE_METHOD_MATCH = YES;
				COPY_PHASE_STRIP = NO;
				DEBUG_INFORMATION_FORMAT = dwarf;
				ENABLE_STRICT_OBJC_MSGSEND = YES;
				ENABLE_TESTABILITY = YES;
				GCC_C_LANGUAGE_STANDARD = gnu11;
				GCC_DYNAMIC_NO_PIC = NO;
				GCC_NO_COMMON_BLOCKS = YES;
				GCC_OPTIMIZATION_LEVEL = 0;
				GCC_PREPROCESSOR_DEFINITIONS = (
					"DEBUG=1",
					"$(inherited)",
				);
				GCC_WARN_64_TO_32_BIT_CONVERSION = YES;
				GCC_WARN_ABOUT_RETURN_TYPE = YES_ERROR;
				GCC_WARN_UNDECLARED_SELECTOR = YES;
				GCC_WARN_UNINITIALIZED_AUTOS = YES_AGGRESSIVE;
				GCC_WARN_UNUSED_FUNCTION = YES;
				GCC_WARN_UNUSED_VARIABLE = YES;
				IPHONEOS_DEPLOYMENT_TARGET = 16.4;
				MTL_ENABLE_DEBUG_INFO = INCLUDE_SOURCE;
				MTL_FAST_MATH = YES;
				ONLY_ACTIVE_ARCH = YES;
				SDKROOT = iphoneos;
				SWIFT_ACTIVE_COMPILATION_CONDITIONS = DEBUG;
				SWIFT_OPTIMIZATION_LEVEL = "-Onone";
			};
			name = Debug;
		};
		4BF5F8BF2C60DC810087F305 /* Release */ = {
			isa = XCBuildConfiguration;
			buildSettings = {
				ALWAYS_SEARCH_USER_PATHS = NO;
				CLANG_ANALYZER_NONNULL = YES;
				CLANG_ANALYZER_NUMBER_OBJECT_CONVERSION = YES_AGGRESSIVE;
				CLANG_CXX_LANGUAGE_STANDARD = "gnu++20";
				CLANG_ENABLE_MODULES = YES;
				CLANG_ENABLE_OBJC_ARC = YES;
				CLANG_ENABLE_OBJC_WEAK = YES;
				CLANG_WARN_BLOCK_CAPTURE_AUTORELEASING = YES;
				CLANG_WARN_BOOL_CONVERSION = YES;
				CLANG_WARN_COMMA = YES;
				CLANG_WARN_CONSTANT_CONVERSION = YES;
				CLANG_WARN_DEPRECATED_OBJC_IMPLEMENTATIONS = YES;
				CLANG_WARN_DIRECT_OBJC_ISA_USAGE = YES_ERROR;
				CLANG_WARN_DOCUMENTATION_COMMENTS = YES;
				CLANG_WARN_EMPTY_BODY = YES;
				CLANG_WARN_ENUM_CONVERSION = YES;
				CLANG_WARN_INFINITE_RECURSION = YES;
				CLANG_WARN_INT_CONVERSION = YES;
				CLANG_WARN_NON_LITERAL_NULL_CONVERSION = YES;
				CLANG_WARN_OBJC_IMPLICIT_RETAIN_SELF = YES;
				CLANG_WARN_OBJC_LITERAL_CONVERSION = YES;
				CLANG_WARN_OBJC_ROOT_CLASS = YES_ERROR;
				CLANG_WARN_QUOTED_INCLUDE_IN_FRAMEWORK_HEADER = YES;
				CLANG_WARN_RANGE_LOOP_ANALYSIS = YES;
				CLANG_WARN_STRICT_PROTOTYPES = YES;
				CLANG_WARN_SUSPICIOUS_MOVE = YES;
				CLANG_WARN_UNGUARDED_AVAILABILITY = YES_AGGRESSIVE;
				CLANG_WARN_UNREACHABLE_CODE = YES;
				CLANG_WARN__DUPLICATE_METHOD_MATCH = YES;
				COPY_PHASE_STRIP = NO;
				DEBUG_INFORMATION_FORMAT = "dwarf-with-dsym";
				ENABLE_NS_ASSERTIONS = NO;
				ENABLE_STRICT_OBJC_MSGSEND = YES;
				GCC_C_LANGUAGE_STANDARD = gnu11;
				GCC_NO_COMMON_BLOCKS = YES;
				GCC_WARN_64_TO_32_BIT_CONVERSION = YES;
				GCC_WARN_ABOUT_RETURN_TYPE = YES_ERROR;
				GCC_WARN_UNDECLARED_SELECTOR = YES;
				GCC_WARN_UNINITIALIZED_AUTOS = YES_AGGRESSIVE;
				GCC_WARN_UNUSED_FUNCTION = YES;
				GCC_WARN_UNUSED_VARIABLE = YES;
				IPHONEOS_DEPLOYMENT_TARGET = 16.4;
				MTL_ENABLE_DEBUG_INFO = NO;
				MTL_FAST_MATH = YES;
				SDKROOT = iphoneos;
				SWIFT_COMPILATION_MODE = wholemodule;
				SWIFT_OPTIMIZATION_LEVEL = "-O";
				VALIDATE_PRODUCT = YES;
			};
			name = Release;
		};
		4BF5F8C12C60DC810087F305 /* Debug */ = {
			isa = XCBuildConfiguration;
			buildSettings = {
				ASSETCATALOG_COMPILER_APPICON_NAME = AppIcon;
				ASSETCATALOG_COMPILER_GLOBAL_ACCENT_COLOR_NAME = AccentColor;
				CODE_SIGN_STYLE = Automatic;
				CURRENT_PROJECT_VERSION = 1;
				DEVELOPMENT_ASSET_PATHS = "\"HeadwayTest/Preview Content\"";
				DEVELOPMENT_TEAM = 57Y8KDNB9P;
				ENABLE_PREVIEWS = YES;
				GENERATE_INFOPLIST_FILE = YES;
				INFOPLIST_KEY_UIApplicationSceneManifest_Generation = YES;
				INFOPLIST_KEY_UIApplicationSupportsIndirectInputEvents = YES;
				INFOPLIST_KEY_UILaunchScreen_Generation = YES;
				INFOPLIST_KEY_UISupportedInterfaceOrientations_iPad = "UIInterfaceOrientationPortrait UIInterfaceOrientationPortraitUpsideDown UIInterfaceOrientationLandscapeLeft UIInterfaceOrientationLandscapeRight";
				INFOPLIST_KEY_UISupportedInterfaceOrientations_iPhone = "UIInterfaceOrientationPortrait UIInterfaceOrientationLandscapeLeft UIInterfaceOrientationLandscapeRight";
				LD_RUNPATH_SEARCH_PATHS = (
					"$(inherited)",
					"@executable_path/Frameworks",
				);
				MARKETING_VERSION = 1.0;
				PRODUCT_BUNDLE_IDENTIFIER = evgenii.levchenko.HeadwayTest;
				PRODUCT_NAME = "$(TARGET_NAME)";
				SWIFT_EMIT_LOC_STRINGS = YES;
				SWIFT_VERSION = 5.0;
				TARGETED_DEVICE_FAMILY = "1,2";
			};
			name = Debug;
		};
		4BF5F8C22C60DC810087F305 /* Release */ = {
			isa = XCBuildConfiguration;
			buildSettings = {
				ASSETCATALOG_COMPILER_APPICON_NAME = AppIcon;
				ASSETCATALOG_COMPILER_GLOBAL_ACCENT_COLOR_NAME = AccentColor;
				CODE_SIGN_STYLE = Automatic;
				CURRENT_PROJECT_VERSION = 1;
				DEVELOPMENT_ASSET_PATHS = "\"HeadwayTest/Preview Content\"";
				DEVELOPMENT_TEAM = 57Y8KDNB9P;
				ENABLE_PREVIEWS = YES;
				GENERATE_INFOPLIST_FILE = YES;
				INFOPLIST_KEY_UIApplicationSceneManifest_Generation = YES;
				INFOPLIST_KEY_UIApplicationSupportsIndirectInputEvents = YES;
				INFOPLIST_KEY_UILaunchScreen_Generation = YES;
				INFOPLIST_KEY_UISupportedInterfaceOrientations_iPad = "UIInterfaceOrientationPortrait UIInterfaceOrientationPortraitUpsideDown UIInterfaceOrientationLandscapeLeft UIInterfaceOrientationLandscapeRight";
				INFOPLIST_KEY_UISupportedInterfaceOrientations_iPhone = "UIInterfaceOrientationPortrait UIInterfaceOrientationLandscapeLeft UIInterfaceOrientationLandscapeRight";
				LD_RUNPATH_SEARCH_PATHS = (
					"$(inherited)",
					"@executable_path/Frameworks",
				);
				MARKETING_VERSION = 1.0;
				PRODUCT_BUNDLE_IDENTIFIER = evgenii.levchenko.HeadwayTest;
				PRODUCT_NAME = "$(TARGET_NAME)";
				SWIFT_EMIT_LOC_STRINGS = YES;
				SWIFT_VERSION = 5.0;
				TARGETED_DEVICE_FAMILY = "1,2";
			};
			name = Release;
		};
/* End XCBuildConfiguration section */

/* Begin XCConfigurationList section */
		4BF5F8AD2C60DC7F0087F305 /* Build configuration list for PBXProject "HeadwayTest" */ = {
			isa = XCConfigurationList;
			buildConfigurations = (
				4BF5F8BE2C60DC810087F305 /* Debug */,
				4BF5F8BF2C60DC810087F305 /* Release */,
			);
			defaultConfigurationIsVisible = 0;
			defaultConfigurationName = Release;
		};
		4BF5F8C02C60DC810087F305 /* Build configuration list for PBXNativeTarget "HeadwayTest" */ = {
			isa = XCConfigurationList;
			buildConfigurations = (
				4BF5F8C12C60DC810087F305 /* Debug */,
				4BF5F8C22C60DC810087F305 /* Release */,
			);
			defaultConfigurationIsVisible = 0;
			defaultConfigurationName = Release;
		};
/* End XCConfigurationList section */
	};
	rootObject = 4BF5F8AA2C60DC7F0087F305 /* Project object */;
}
